# compose-kotlin-agent-skills — skill registry
# Format: <md5>  <relative path>

30b2b45463fd598bcdb2246ebd5d26aa  SKILL.md
2320de01633c0de14447d07e367ffeb8  skills/android-kotlin-architecture/SKILL.md
662dd0cfb9ee44934b2a3885ee2fb6ea  skills/android-kotlin-compose/SKILL.md
669c67a3189557469b2ff345ce2ef13d  skills/android-kotlin-testing/SKILL.md
