# compose-kotlin-agent-skills — skill registry
# Format: <md5>  <relative path>

df6d7acb6faecb084915addea1bb4f04  SKILL.md
18388c176dbc37aec22c4133ad3cc5a9  skills/android-kotlin-architecture/SKILL.md
5dcdca9fe4f6f7a5358e4a53e75b08e5  skills/android-kotlin-compose/SKILL.md
9a692cd3095a5700e366cf4212c60345  skills/android-kotlin-testing/SKILL.md
